dependencies:
- name: redis
  repository: https://kubernetes-charts.storage.googleapis.com/
  version: 0.9.0
- name: postgresql
  repository: https://kubernetes-charts.storage.googleapis.com/
  version: 0.8.1
digest: sha256:e5924160c752a6eaeeb20f88da868e1aa2d6b5f6aac902ab06e2d78c7ae7ebad
generated: "2020-07-14T17:27:14.715913899Z"
